{
  "version": 4,
  "terraform_version": "1.9.1",
  "serial": 95,
  "lineage": "5a98aa55-f8cd-97b0-bc15-fd9c461c2b7f",
  "outputs": {},
  "resources": [
    {
      "mode": "managed",
      "type": "aws_cloudformation_stack",
      "name": "primary",
      "provider": "provider[\"registry.terraform.io/hashicorp/aws\"].active",
      "instances": [
        {
          "schema_version": 0,
          "attributes": {
            "capabilities": null,
            "disable_rollback": false,
            "iam_role_arn": "",
            "id": "arn:aws:cloudformation:us-east-1:143794216648:stack/Primary/65be6240-3c2f-11ef-9109-0affe0caec1f",
            "name": "Primary",
            "notification_arns": null,
            "on_failure": null,
            "outputs": {
              "ApplicationSecurityGroup": "sg-06781e8b233003043",
              "DatabaseSecurityGroup": "sg-0f10cc9b740281f32",
              "PrivateSubnets": "subnet-07ed47b4e9379910a, subnet-0e9434fd3ea1e9b73",
              "PublicSubnets": "subnet-05f9e428a7dc7f980, subnet-0e9b2657aff65eb18",
              "VPC": "vpc-0de0b5844c2c083a1"
            },
            "parameters": {
              "PrivateSubnet1CIDR": "10.5.20.0/24",
              "PrivateSubnet2CIDR": "10.5.21.0/24",
              "PublicSubnet1CIDR": "10.5.10.0/24",
              "PublicSubnet2CIDR": "10.5.11.0/24",
              "VpcCIDR": "10.5.0.0/16",
              "VpcName": "Primary"
            },
            "policy_body": null,
            "policy_url": null,
            "tags": {},
            "tags_all": {},
            "template_body": "Description:  Udacity - Design for Availability, Resilience, and Reliability\r\n\r\nParameters:\r\n  VpcName:\r\n    Description: A name that is prefixed to resource names\r\n    Type: String\r\n\r\n  VpcCIDR:\r\n    Description: Please enter the IP range (CIDR notation) for this VPC\r\n    Type: String\r\n    Default: 10.1.0.0/16\r\n\r\n  PublicSubnet1CIDR:\r\n    Description: Please enter the IP range (CIDR notation) for the public subnet in the first Availability Zone\r\n    Type: String\r\n    Default: 10.1.10.0/24\r\n\r\n  PublicSubnet2CIDR:\r\n    Description: Please enter the IP range (CIDR notation) for the public subnet in the second Availability Zone\r\n    Type: String\r\n    Default: 10.1.11.0/24\r\n\r\n  PrivateSubnet1CIDR:\r\n    Description: Please enter the IP range (CIDR notation) for the private subnet in the first Availability Zone\r\n    Type: String\r\n    Default: 10.1.20.0/24\r\n\r\n  PrivateSubnet2CIDR:\r\n    Description: Please enter the IP range (CIDR notation) for the private subnet in the second Availability Zone\r\n    Type: String\r\n    Default: 10.1.21.0/24\r\n\r\nMetadata:\r\n  AWS::CloudFormation::Interface:\r\n    ParameterGroups:\r\n      -\r\n        Label:\r\n          default: \"Information for the VPC\"\r\n        Parameters:\r\n          - VpcName\r\n          - VpcCIDR\r\n      -\r\n        Label:\r\n          default: \"Information for the VPCs subnets. Subnet network ranges MUST fall within the VPC CIDR block above\"\r\n        Parameters:\r\n          - PublicSubnet1CIDR\r\n          - PublicSubnet2CIDR\r\n          - PrivateSubnet1CIDR\r\n          - PrivateSubnet2CIDR\r\n\r\n    ParameterLabels:\r\n      VpcName:\r\n        default: \"VPC Name\"\r\n      VpcCIDR:\r\n        default: \"VPC CIDR block\"\r\n      PublicSubnet1CIDR:\r\n        default: \"Public Subnet 1\"\r\n      PublicSubnet2CIDR:\r\n        default: \"Public Subnet 2\"\r\n      PrivateSubnet1CIDR:\r\n        default: \"Private Subnet 1\"\r\n      PrivateSubnet2CIDR:\r\n        default: \"Private Subnet 2\"\r\n\r\nResources:\r\n  VPC:\r\n    Type: AWS::EC2::VPC\r\n    Properties:\r\n      CidrBlock: !Ref VpcCIDR\r\n      EnableDnsSupport: true\r\n      EnableDnsHostnames: true\r\n      Tags:\r\n        - Key: Name\r\n          Value: !Ref VpcName\r\n\r\n  InternetGateway:\r\n    Type: AWS::EC2::InternetGateway\r\n    Properties:\r\n      Tags:\r\n        - Key: Name\r\n          Value: !Ref VpcName\r\n\r\n  InternetGatewayAttachment:\r\n    Type: AWS::EC2::VPCGatewayAttachment\r\n    Properties:\r\n      InternetGatewayId: !Ref InternetGateway\r\n      VpcId: !Ref VPC\r\n\r\n  PublicSubnet1:\r\n    Type: AWS::EC2::Subnet\r\n    Properties:\r\n      VpcId: !Ref VPC\r\n      AvailabilityZone: !Select [ 0, !GetAZs '' ]\r\n      CidrBlock: !Ref PublicSubnet1CIDR\r\n      MapPublicIpOnLaunch: true\r\n      Tags:\r\n        - Key: Name\r\n          Value: !Sub\r\n            - ${VpcName} Public Subnet (${AZ1})\r\n            - { AZ1: !Select [ 0, !GetAZs  '' ] }\r\n  PublicSubnet2:\r\n    Type: AWS::EC2::Subnet\r\n    Properties:\r\n      VpcId: !Ref VPC\r\n      AvailabilityZone: !Select [ 1, !GetAZs  '' ]\r\n      CidrBlock: !Ref PublicSubnet2CIDR\r\n      MapPublicIpOnLaunch: true\r\n      Tags:\r\n        - Key: Name\r\n          Value: !Sub\r\n            - ${VpcName} Public Subnet (${AZ2})\r\n            - { AZ2: !Select [ 1, !GetAZs  '' ] }\r\n  PrivateSubnet1:\r\n    Type: AWS::EC2::Subnet\r\n    Properties:\r\n      VpcId: !Ref VPC\r\n      AvailabilityZone: !Select [ 0, !GetAZs  '' ]\r\n      CidrBlock: !Ref PrivateSubnet1CIDR\r\n      MapPublicIpOnLaunch: false\r\n      Tags:\r\n        - Key: Name\r\n          Value: !Sub\r\n            - ${VpcName} Private Subnet (${AZ1})\r\n            - { AZ1: !Select [ 0, !GetAZs  '' ] }\r\n  PrivateSubnet2:\r\n    Type: AWS::EC2::Subnet\r\n    Properties:\r\n      VpcId: !Ref VPC\r\n      AvailabilityZone: !Select [ 1, !GetAZs  '' ]\r\n      CidrBlock: !Ref PrivateSubnet2CIDR\r\n      MapPublicIpOnLaunch: false\r\n      Tags:\r\n        - Key: Name\r\n          Value: !Sub\r\n            - ${VpcName} Private Subnet (${AZ2})\r\n            - { AZ2: !Select [ 1, !GetAZs  '' ] }\r\n\r\n  PublicRouteTable:\r\n    Type: AWS::EC2::RouteTable\r\n    Properties:\r\n      VpcId: !Ref VPC\r\n      Tags:\r\n        - Key: Name\r\n          Value: !Sub ${VpcName} Public Routes\r\n\r\n  DefaultPublicRoute:\r\n    Type: AWS::EC2::Route\r\n    DependsOn: InternetGatewayAttachment\r\n    Properties:\r\n      RouteTableId: !Ref PublicRouteTable\r\n      DestinationCidrBlock: 0.0.0.0/0\r\n      GatewayId: !Ref InternetGateway\r\n\r\n  PublicSubnet1RouteTableAssociation:\r\n    Type: AWS::EC2::SubnetRouteTableAssociation\r\n    Properties:\r\n      RouteTableId: !Ref PublicRouteTable\r\n      SubnetId: !Ref PublicSubnet1\r\n\r\n  PublicSubnet2RouteTableAssociation:\r\n    Type: AWS::EC2::SubnetRouteTableAssociation\r\n    Properties:\r\n      RouteTableId: !Ref PublicRouteTable\r\n      SubnetId: !Ref PublicSubnet2\r\n\r\n  PrivateRouteTable:\r\n    Type: AWS::EC2::RouteTable\r\n    Properties:\r\n      VpcId: !Ref VPC\r\n      Tags:\r\n        - Key: Name\r\n          Value: !Sub ${VpcName} Private Routes\r\n\r\n  DatabaseSecurityGroup:\r\n    Type: AWS::EC2::SecurityGroup\r\n    Properties:\r\n      GroupDescription: Udacity ARR Project - Database Security Group\r\n      GroupName: UDARR-Database\r\n      SecurityGroupIngress:\r\n        -   Description: Application EC2 instances\r\n            FromPort: 3306\r\n            IpProtocol: tcp\r\n            SourceSecurityGroupId: !Ref ApplicationSecurityGroup\r\n            ToPort: 3306\r\n      VpcId: !Ref VPC\r\n      Tags:\r\n        - Key: Name\r\n          Value: UDARR-Database\r\n\r\n  ApplicationSecurityGroup:\r\n    Type: AWS::EC2::SecurityGroup\r\n    Properties:\r\n      GroupDescription: Udacity ARR Project - Application Security Group\r\n      GroupName: UDARR-Application\r\n      SecurityGroupIngress:\r\n        -   Description: SSH from the Internet\r\n            FromPort: 22\r\n            IpProtocol: tcp\r\n            CidrIp: 0.0.0.0/0\r\n            ToPort: 22\r\n      VpcId: !Ref VPC\r\n      Tags:\r\n        - Key: Name\r\n          Value: UDARR-Application\r\n\r\nOutputs:\r\n  VPC:\r\n    Description: VPC ID\r\n    Value: !Ref VPC\r\n\r\n  PublicSubnets:\r\n    Description: A list of the public subnets\r\n    Value: !Join [ \", \", [ !Ref PublicSubnet1, !Ref PublicSubnet2 ]]\r\n\r\n  PrivateSubnets:\r\n    Description: A list of the private subnets\r\n    Value: !Join [ \", \", [ !Ref PrivateSubnet1, !Ref PrivateSubnet2 ]]\r\n\r\n  DatabaseSecurityGroup:\r\n    Description: ID of the database security group\r\n    Value: !Ref DatabaseSecurityGroup\r\n\r\n  ApplicationSecurityGroup:\r\n    Description: ID of the EC2 instance security group\r\n    Value: !Ref ApplicationSecurityGroup\r\n",
            "template_url": null,
            "timeout_in_minutes": 0,
            "timeouts": null
          },
          "sensitive_attributes": [],
          "private": "eyJlMmJmYjczMC1lY2FhLTExZTYtOGY4OC0zNDM2M2JjN2M0YzAiOnsiY3JlYXRlIjoxODAwMDAwMDAwMDAwLCJkZWxldGUiOjE4MDAwMDAwMDAwMDAsInVwZGF0ZSI6MTgwMDAwMDAwMDAwMH19"
        }
      ]
    },
    {
      "mode": "managed",
      "type": "aws_cloudformation_stack",
      "name": "secondary",
      "provider": "provider[\"registry.terraform.io/hashicorp/aws\"].standby",
      "instances": [
        {
          "schema_version": 0,
          "attributes": {
            "capabilities": null,
            "disable_rollback": false,
            "iam_role_arn": "",
            "id": "arn:aws:cloudformation:us-west-2:143794216648:stack/Secondary/fa4c3900-3c34-11ef-9dd5-0279b81766a9",
            "name": "Secondary",
            "notification_arns": null,
            "on_failure": null,
            "outputs": {
              "ApplicationSecurityGroup": "sg-0956a385071834c31",
              "DatabaseSecurityGroup": "sg-03aeb5b66f95b919d",
              "PrivateSubnets": "subnet-0223699dcec3e4ada, subnet-0cdc2a8a8a17a5256",
              "PublicSubnets": "subnet-0eb69781e4d28abe2, subnet-02d94e65064c94842",
              "VPC": "vpc-005728f1ad870bc6e"
            },
            "parameters": {
              "PrivateSubnet1CIDR": "10.6.20.0/24",
              "PrivateSubnet2CIDR": "10.6.21.0/24",
              "PublicSubnet1CIDR": "10.6.10.0/24",
              "PublicSubnet2CIDR": "10.6.11.0/24",
              "VpcCIDR": "10.6.0.0/16",
              "VpcName": "Secondary"
            },
            "policy_body": null,
            "policy_url": null,
            "tags": {},
            "tags_all": {},
            "template_body": "Description:  Udacity - Design for Availability, Resilience, and Reliability\r\n\r\nParameters:\r\n  VpcName:\r\n    Description: A name that is prefixed to resource names\r\n    Type: String\r\n\r\n  VpcCIDR:\r\n    Description: Please enter the IP range (CIDR notation) for this VPC\r\n    Type: String\r\n    Default: 10.1.0.0/16\r\n\r\n  PublicSubnet1CIDR:\r\n    Description: Please enter the IP range (CIDR notation) for the public subnet in the first Availability Zone\r\n    Type: String\r\n    Default: 10.1.10.0/24\r\n\r\n  PublicSubnet2CIDR:\r\n    Description: Please enter the IP range (CIDR notation) for the public subnet in the second Availability Zone\r\n    Type: String\r\n    Default: 10.1.11.0/24\r\n\r\n  PrivateSubnet1CIDR:\r\n    Description: Please enter the IP range (CIDR notation) for the private subnet in the first Availability Zone\r\n    Type: String\r\n    Default: 10.1.20.0/24\r\n\r\n  PrivateSubnet2CIDR:\r\n    Description: Please enter the IP range (CIDR notation) for the private subnet in the second Availability Zone\r\n    Type: String\r\n    Default: 10.1.21.0/24\r\n\r\nMetadata:\r\n  AWS::CloudFormation::Interface:\r\n    ParameterGroups:\r\n      -\r\n        Label:\r\n          default: \"Information for the VPC\"\r\n        Parameters:\r\n          - VpcName\r\n          - VpcCIDR\r\n      -\r\n        Label:\r\n          default: \"Information for the VPCs subnets. Subnet network ranges MUST fall within the VPC CIDR block above\"\r\n        Parameters:\r\n          - PublicSubnet1CIDR\r\n          - PublicSubnet2CIDR\r\n          - PrivateSubnet1CIDR\r\n          - PrivateSubnet2CIDR\r\n\r\n    ParameterLabels:\r\n      VpcName:\r\n        default: \"VPC Name\"\r\n      VpcCIDR:\r\n        default: \"VPC CIDR block\"\r\n      PublicSubnet1CIDR:\r\n        default: \"Public Subnet 1\"\r\n      PublicSubnet2CIDR:\r\n        default: \"Public Subnet 2\"\r\n      PrivateSubnet1CIDR:\r\n        default: \"Private Subnet 1\"\r\n      PrivateSubnet2CIDR:\r\n        default: \"Private Subnet 2\"\r\n\r\nResources:\r\n  VPC:\r\n    Type: AWS::EC2::VPC\r\n    Properties:\r\n      CidrBlock: !Ref VpcCIDR\r\n      EnableDnsSupport: true\r\n      EnableDnsHostnames: true\r\n      Tags:\r\n        - Key: Name\r\n          Value: !Ref VpcName\r\n\r\n  InternetGateway:\r\n    Type: AWS::EC2::InternetGateway\r\n    Properties:\r\n      Tags:\r\n        - Key: Name\r\n          Value: !Ref VpcName\r\n\r\n  InternetGatewayAttachment:\r\n    Type: AWS::EC2::VPCGatewayAttachment\r\n    Properties:\r\n      InternetGatewayId: !Ref InternetGateway\r\n      VpcId: !Ref VPC\r\n\r\n  PublicSubnet1:\r\n    Type: AWS::EC2::Subnet\r\n    Properties:\r\n      VpcId: !Ref VPC\r\n      AvailabilityZone: !Select [ 0, !GetAZs '' ]\r\n      CidrBlock: !Ref PublicSubnet1CIDR\r\n      MapPublicIpOnLaunch: true\r\n      Tags:\r\n        - Key: Name\r\n          Value: !Sub\r\n            - ${VpcName} Public Subnet (${AZ1})\r\n            - { AZ1: !Select [ 0, !GetAZs  '' ] }\r\n  PublicSubnet2:\r\n    Type: AWS::EC2::Subnet\r\n    Properties:\r\n      VpcId: !Ref VPC\r\n      AvailabilityZone: !Select [ 1, !GetAZs  '' ]\r\n      CidrBlock: !Ref PublicSubnet2CIDR\r\n      MapPublicIpOnLaunch: true\r\n      Tags:\r\n        - Key: Name\r\n          Value: !Sub\r\n            - ${VpcName} Public Subnet (${AZ2})\r\n            - { AZ2: !Select [ 1, !GetAZs  '' ] }\r\n  PrivateSubnet1:\r\n    Type: AWS::EC2::Subnet\r\n    Properties:\r\n      VpcId: !Ref VPC\r\n      AvailabilityZone: !Select [ 0, !GetAZs  '' ]\r\n      CidrBlock: !Ref PrivateSubnet1CIDR\r\n      MapPublicIpOnLaunch: false\r\n      Tags:\r\n        - Key: Name\r\n          Value: !Sub\r\n            - ${VpcName} Private Subnet (${AZ1})\r\n            - { AZ1: !Select [ 0, !GetAZs  '' ] }\r\n  PrivateSubnet2:\r\n    Type: AWS::EC2::Subnet\r\n    Properties:\r\n      VpcId: !Ref VPC\r\n      AvailabilityZone: !Select [ 1, !GetAZs  '' ]\r\n      CidrBlock: !Ref PrivateSubnet2CIDR\r\n      MapPublicIpOnLaunch: false\r\n      Tags:\r\n        - Key: Name\r\n          Value: !Sub\r\n            - ${VpcName} Private Subnet (${AZ2})\r\n            - { AZ2: !Select [ 1, !GetAZs  '' ] }\r\n\r\n  PublicRouteTable:\r\n    Type: AWS::EC2::RouteTable\r\n    Properties:\r\n      VpcId: !Ref VPC\r\n      Tags:\r\n        - Key: Name\r\n          Value: !Sub ${VpcName} Public Routes\r\n\r\n  DefaultPublicRoute:\r\n    Type: AWS::EC2::Route\r\n    DependsOn: InternetGatewayAttachment\r\n    Properties:\r\n      RouteTableId: !Ref PublicRouteTable\r\n      DestinationCidrBlock: 0.0.0.0/0\r\n      GatewayId: !Ref InternetGateway\r\n\r\n  PublicSubnet1RouteTableAssociation:\r\n    Type: AWS::EC2::SubnetRouteTableAssociation\r\n    Properties:\r\n      RouteTableId: !Ref PublicRouteTable\r\n      SubnetId: !Ref PublicSubnet1\r\n\r\n  PublicSubnet2RouteTableAssociation:\r\n    Type: AWS::EC2::SubnetRouteTableAssociation\r\n    Properties:\r\n      RouteTableId: !Ref PublicRouteTable\r\n      SubnetId: !Ref PublicSubnet2\r\n\r\n  PrivateRouteTable:\r\n    Type: AWS::EC2::RouteTable\r\n    Properties:\r\n      VpcId: !Ref VPC\r\n      Tags:\r\n        - Key: Name\r\n          Value: !Sub ${VpcName} Private Routes\r\n\r\n  DatabaseSecurityGroup:\r\n    Type: AWS::EC2::SecurityGroup\r\n    Properties:\r\n      GroupDescription: Udacity ARR Project - Database Security Group\r\n      GroupName: UDARR-Database\r\n      SecurityGroupIngress:\r\n        -   Description: Application EC2 instances\r\n            FromPort: 3306\r\n            IpProtocol: tcp\r\n            SourceSecurityGroupId: !Ref ApplicationSecurityGroup\r\n            ToPort: 3306\r\n      VpcId: !Ref VPC\r\n      Tags:\r\n        - Key: Name\r\n          Value: UDARR-Database\r\n\r\n  ApplicationSecurityGroup:\r\n    Type: AWS::EC2::SecurityGroup\r\n    Properties:\r\n      GroupDescription: Udacity ARR Project - Application Security Group\r\n      GroupName: UDARR-Application\r\n      SecurityGroupIngress:\r\n        -   Description: SSH from the Internet\r\n            FromPort: 22\r\n            IpProtocol: tcp\r\n            CidrIp: 0.0.0.0/0\r\n            ToPort: 22\r\n      VpcId: !Ref VPC\r\n      Tags:\r\n        - Key: Name\r\n          Value: UDARR-Application\r\n\r\nOutputs:\r\n  VPC:\r\n    Description: VPC ID\r\n    Value: !Ref VPC\r\n\r\n  PublicSubnets:\r\n    Description: A list of the public subnets\r\n    Value: !Join [ \", \", [ !Ref PublicSubnet1, !Ref PublicSubnet2 ]]\r\n\r\n  PrivateSubnets:\r\n    Description: A list of the private subnets\r\n    Value: !Join [ \", \", [ !Ref PrivateSubnet1, !Ref PrivateSubnet2 ]]\r\n\r\n  DatabaseSecurityGroup:\r\n    Description: ID of the database security group\r\n    Value: !Ref DatabaseSecurityGroup\r\n\r\n  ApplicationSecurityGroup:\r\n    Description: ID of the EC2 instance security group\r\n    Value: !Ref ApplicationSecurityGroup\r\n",
            "template_url": null,
            "timeout_in_minutes": 0,
            "timeouts": null
          },
          "sensitive_attributes": [],
          "private": "eyJlMmJmYjczMC1lY2FhLTExZTYtOGY4OC0zNDM2M2JjN2M0YzAiOnsiY3JlYXRlIjoxODAwMDAwMDAwMDAwLCJkZWxldGUiOjE4MDAwMDAwMDAwMDAsInVwZGF0ZSI6MTgwMDAwMDAwMDAwMH19"
        }
      ]
    },
    {
      "mode": "managed",
      "type": "aws_db_instance",
      "name": "primary",
      "provider": "provider[\"registry.terraform.io/hashicorp/aws\"].active",
      "instances": [
        {
          "schema_version": 1,
          "attributes": {
            "address": "primary.cmvklhzocw1i.us-east-1.rds.amazonaws.com",
            "allocated_storage": 5,
            "allow_major_version_upgrade": null,
            "apply_immediately": false,
            "arn": "arn:aws:rds:us-east-1:143794216648:db:primary",
            "auto_minor_version_upgrade": true,
            "availability_zone": "us-east-1a",
            "backup_retention_period": 1,
            "backup_window": "04:05-04:35",
            "blue_green_update": [],
            "ca_cert_identifier": "rds-ca-rsa2048-g1",
            "character_set_name": "",
            "copy_tags_to_snapshot": false,
            "custom_iam_instance_profile": "",
            "customer_owned_ip_enabled": false,
            "db_name": "udacity",
            "db_subnet_group_name": "primary",
            "delete_automated_backups": true,
            "deletion_protection": false,
            "domain": "",
            "domain_iam_role_name": "",
            "enabled_cloudwatch_logs_exports": [],
            "endpoint": "primary.cmvklhzocw1i.us-east-1.rds.amazonaws.com:3306",
            "engine": "mysql",
            "engine_version": "8.0",
            "engine_version_actual": "8.0.35",
            "final_snapshot_identifier": null,
            "hosted_zone_id": "Z2R2ITUGPM61AM",
            "iam_database_authentication_enabled": false,
            "id": "primary",
            "identifier": "primary",
            "identifier_prefix": "",
            "instance_class": "db.t3.micro",
            "iops": 0,
            "kms_key_id": "",
            "latest_restorable_time": "2024-07-07T09:45:00Z",
            "license_model": "general-public-license",
            "listener_endpoint": [],
            "maintenance_window": "mon:06:43-mon:07:13",
            "manage_master_user_password": null,
            "master_user_secret": [],
            "master_user_secret_kms_key_id": null,
            "max_allocated_storage": 0,
            "monitoring_interval": 0,
            "monitoring_role_arn": "",
            "multi_az": true,
            "name": "udacity",
            "nchar_character_set_name": "",
            "network_type": "IPV4",
            "option_group_name": "default:mysql-8-0",
            "parameter_group_name": "default.mysql8.0",
            "password": "123456aA",
            "performance_insights_enabled": false,
            "performance_insights_kms_key_id": "",
            "performance_insights_retention_period": 0,
            "port": 3306,
            "publicly_accessible": false,
            "replica_mode": "",
            "replicas": [
              "arn:aws:rds:us-west-2:143794216648:db:secondary"
            ],
            "replicate_source_db": "",
            "resource_id": "db-UOHA4JMFLAP4S5NWU6JNKBQ3OE",
            "restore_to_point_in_time": [],
            "s3_import": [],
            "security_group_names": [],
            "skip_final_snapshot": true,
            "snapshot_identifier": null,
            "status": "available",
            "storage_encrypted": false,
            "storage_throughput": 0,
            "storage_type": "gp2",
            "tags": {},
            "tags_all": {},
            "timeouts": null,
            "timezone": "",
            "username": "test",
            "vpc_security_group_ids": [
              "sg-0f10cc9b740281f32"
            ]
          },
          "sensitive_attributes": [
            [
              {
                "type": "get_attr",
                "value": "password"
              }
            ]
          ],
          "private": "eyJlMmJmYjczMC1lY2FhLTExZTYtOGY4OC0zNDM2M2JjN2M0YzAiOnsiY3JlYXRlIjoyNDAwMDAwMDAwMDAwLCJkZWxldGUiOjM2MDAwMDAwMDAwMDAsInVwZGF0ZSI6NDgwMDAwMDAwMDAwMH0sInNjaGVtYV92ZXJzaW9uIjoiMSJ9",
          "dependencies": [
            "aws_cloudformation_stack.primary",
            "aws_cloudformation_stack.secondary",
            "aws_db_subnet_group.primary"
          ]
        }
      ]
    },
    {
      "mode": "managed",
      "type": "aws_db_instance",
      "name": "secondary",
      "provider": "provider[\"registry.terraform.io/hashicorp/aws\"].standby",
      "instances": [
        {
          "schema_version": 1,
          "attributes": {
            "address": "secondary.cwkcc7uxbadt.us-west-2.rds.amazonaws.com",
            "allocated_storage": 5,
            "allow_major_version_upgrade": null,
            "apply_immediately": false,
            "arn": "arn:aws:rds:us-west-2:143794216648:db:secondary",
            "auto_minor_version_upgrade": true,
            "availability_zone": "us-west-2b",
            "backup_retention_period": 1,
            "backup_window": "04:05-04:35",
            "blue_green_update": [],
            "ca_cert_identifier": "rds-ca-rsa2048-g1",
            "character_set_name": "",
            "copy_tags_to_snapshot": false,
            "custom_iam_instance_profile": "",
            "customer_owned_ip_enabled": false,
            "db_name": "udacity",
            "db_subnet_group_name": "secondary",
            "delete_automated_backups": true,
            "deletion_protection": false,
            "domain": "",
            "domain_iam_role_name": "",
            "enabled_cloudwatch_logs_exports": [],
            "endpoint": "secondary.cwkcc7uxbadt.us-west-2.rds.amazonaws.com:3306",
            "engine": "mysql",
            "engine_version": "8.0",
            "engine_version_actual": "8.0.35",
            "final_snapshot_identifier": null,
            "hosted_zone_id": "Z1PVIF0B656C1W",
            "iam_database_authentication_enabled": false,
            "id": "secondary",
            "identifier": "secondary",
            "identifier_prefix": "",
            "instance_class": "db.t3.micro",
            "iops": 0,
            "kms_key_id": "",
            "latest_restorable_time": "2024-07-07T09:45:00Z",
            "license_model": "general-public-license",
            "listener_endpoint": [],
            "maintenance_window": "mon:06:43-mon:07:13",
            "manage_master_user_password": null,
            "master_user_secret": [],
            "master_user_secret_kms_key_id": null,
            "max_allocated_storage": 0,
            "monitoring_interval": 0,
            "monitoring_role_arn": "",
            "multi_az": true,
            "name": "udacity",
            "nchar_character_set_name": "",
            "network_type": "IPV4",
            "option_group_name": "default:mysql-8-0",
            "parameter_group_name": "default.mysql8.0",
            "password": "123456aA",
            "performance_insights_enabled": false,
            "performance_insights_kms_key_id": "",
            "performance_insights_retention_period": 0,
            "port": 3306,
            "publicly_accessible": false,
            "replica_mode": "",
            "replicas": [],
            "replicate_source_db": "arn:aws:rds:us-east-1:143794216648:db:primary",
            "resource_id": "db-CGRWNUSEVP2FIWGCLWX2FS63OA",
            "restore_to_point_in_time": [],
            "s3_import": [],
            "security_group_names": [],
            "skip_final_snapshot": true,
            "snapshot_identifier": null,
            "status": "available",
            "storage_encrypted": false,
            "storage_throughput": 0,
            "storage_type": "gp2",
            "tags": {},
            "tags_all": {},
            "timeouts": null,
            "timezone": "",
            "username": "test",
            "vpc_security_group_ids": [
              "sg-03aeb5b66f95b919d"
            ]
          },
          "sensitive_attributes": [
            [
              {
                "type": "get_attr",
                "value": "password"
              }
            ]
          ],
          "private": "eyJlMmJmYjczMC1lY2FhLTExZTYtOGY4OC0zNDM2M2JjN2M0YzAiOnsiY3JlYXRlIjoyNDAwMDAwMDAwMDAwLCJkZWxldGUiOjM2MDAwMDAwMDAwMDAsInVwZGF0ZSI6NDgwMDAwMDAwMDAwMH0sInNjaGVtYV92ZXJzaW9uIjoiMSJ9",
          "dependencies": [
            "aws_cloudformation_stack.primary",
            "aws_cloudformation_stack.secondary",
            "aws_db_instance.primary",
            "aws_db_subnet_group.primary",
            "aws_db_subnet_group.secondary"
          ]
        }
      ]
    },
    {
      "mode": "managed",
      "type": "aws_db_subnet_group",
      "name": "primary",
      "provider": "provider[\"registry.terraform.io/hashicorp/aws\"].active",
      "instances": [
        {
          "schema_version": 0,
          "attributes": {
            "arn": "arn:aws:rds:us-east-1:143794216648:subgrp:primary",
            "description": "Managed by Terraform",
            "id": "primary",
            "name": "primary",
            "name_prefix": "",
            "subnet_ids": [
              "subnet-07ed47b4e9379910a",
              "subnet-0e9434fd3ea1e9b73"
            ],
            "supported_network_types": [
              "IPV4"
            ],
            "tags": {},
            "tags_all": {},
            "vpc_id": "vpc-0de0b5844c2c083a1"
          },
          "sensitive_attributes": [],
          "private": "bnVsbA==",
          "dependencies": [
            "aws_cloudformation_stack.primary",
            "aws_cloudformation_stack.secondary"
          ]
        }
      ]
    },
    {
      "mode": "managed",
      "type": "aws_db_subnet_group",
      "name": "secondary",
      "provider": "provider[\"registry.terraform.io/hashicorp/aws\"].standby",
      "instances": [
        {
          "schema_version": 0,
          "attributes": {
            "arn": "arn:aws:rds:us-west-2:143794216648:subgrp:secondary",
            "description": "Managed by Terraform",
            "id": "secondary",
            "name": "secondary",
            "name_prefix": "",
            "subnet_ids": [
              "subnet-0223699dcec3e4ada",
              "subnet-0cdc2a8a8a17a5256"
            ],
            "supported_network_types": [
              "IPV4"
            ],
            "tags": {},
            "tags_all": {},
            "vpc_id": "vpc-005728f1ad870bc6e"
          },
          "sensitive_attributes": [],
          "private": "bnVsbA==",
          "dependencies": [
            "aws_cloudformation_stack.primary",
            "aws_cloudformation_stack.secondary"
          ]
        }
      ]
    },
    {
      "mode": "managed",
      "type": "aws_instance",
      "name": "primary_db_access",
      "provider": "provider[\"registry.terraform.io/hashicorp/aws\"].active",
      "instances": [
        {
          "schema_version": 1,
          "attributes": {
            "ami": "ami-06c68f701d8090592",
            "arn": "arn:aws:ec2:us-east-1:143794216648:instance/i-087faed0e2b13d2be",
            "associate_public_ip_address": true,
            "availability_zone": "us-east-1a",
            "capacity_reservation_specification": [
              {
                "capacity_reservation_preference": "open",
                "capacity_reservation_target": []
              }
            ],
            "cpu_core_count": 1,
            "cpu_options": [
              {
                "amd_sev_snp": "",
                "core_count": 1,
                "threads_per_core": 2
              }
            ],
            "cpu_threads_per_core": 2,
            "credit_specification": [
              {
                "cpu_credits": "unlimited"
              }
            ],
            "disable_api_stop": false,
            "disable_api_termination": false,
            "ebs_block_device": [],
            "ebs_optimized": false,
            "enclave_options": [
              {
                "enabled": false
              }
            ],
            "ephemeral_block_device": [],
            "get_password_data": false,
            "hibernation": false,
            "host_id": "",
            "host_resource_group_arn": null,
            "iam_instance_profile": "",
            "id": "i-087faed0e2b13d2be",
            "instance_initiated_shutdown_behavior": "stop",
            "instance_state": "running",
            "instance_type": "t3.micro",
            "ipv6_address_count": 0,
            "ipv6_addresses": [],
            "key_name": "Primary SSH Key",
            "launch_template": [],
            "maintenance_options": [
              {
                "auto_recovery": "default"
              }
            ],
            "metadata_options": [
              {
                "http_endpoint": "enabled",
                "http_put_response_hop_limit": 2,
                "http_tokens": "required",
                "instance_metadata_tags": "disabled"
              }
            ],
            "monitoring": false,
            "network_interface": [],
            "outpost_arn": "",
            "password_data": "",
            "placement_group": "",
            "placement_partition_number": 0,
            "primary_network_interface_id": "eni-029219e4c6d75afe7",
            "private_dns": "ip-10-5-10-95.ec2.internal",
            "private_dns_name_options": [
              {
                "enable_resource_name_dns_a_record": false,
                "enable_resource_name_dns_aaaa_record": false,
                "hostname_type": "ip-name"
              }
            ],
            "private_ip": "10.5.10.95",
            "public_dns": "ec2-107-20-109-110.compute-1.amazonaws.com",
            "public_ip": "107.20.109.110",
            "root_block_device": [
              {
                "delete_on_termination": true,
                "device_name": "/dev/xvda",
                "encrypted": false,
                "iops": 3000,
                "kms_key_id": "",
                "tags": {},
                "throughput": 125,
                "volume_id": "vol-09eb7de3b4a85c2c2",
                "volume_size": 8,
                "volume_type": "gp3"
              }
            ],
            "secondary_private_ips": [],
            "security_groups": [],
            "source_dest_check": true,
            "subnet_id": "subnet-05f9e428a7dc7f980",
            "tags": {
              "Name": "DbAccess"
            },
            "tags_all": {
              "Name": "DbAccess"
            },
            "tenancy": "default",
            "timeouts": null,
            "user_data": null,
            "user_data_base64": null,
            "user_data_replace_on_change": false,
            "volume_tags": null,
            "vpc_security_group_ids": [
              "sg-06781e8b233003043"
            ]
          },
          "sensitive_attributes": [],
          "private": "eyJlMmJmYjczMC1lY2FhLTExZTYtOGY4OC0zNDM2M2JjN2M0YzAiOnsiY3JlYXRlIjo2MDAwMDAwMDAwMDAsImRlbGV0ZSI6MTIwMDAwMDAwMDAwMCwidXBkYXRlIjo2MDAwMDAwMDAwMDB9LCJzY2hlbWFfdmVyc2lvbiI6IjEifQ==",
          "dependencies": [
            "aws_cloudformation_stack.primary",
            "aws_cloudformation_stack.secondary",
            "aws_key_pair.primary_ssh_key"
          ]
        }
      ]
    },
    {
      "mode": "managed",
      "type": "aws_instance",
      "name": "secondary_db_access",
      "provider": "provider[\"registry.terraform.io/hashicorp/aws\"].standby",
      "instances": [
        {
          "schema_version": 1,
          "attributes": {
            "ami": "ami-0604d81f2fd264c7b",
            "arn": "arn:aws:ec2:us-west-2:143794216648:instance/i-05f9fc8f000317ffb",
            "associate_public_ip_address": false,
            "availability_zone": "us-west-2a",
            "capacity_reservation_specification": [
              {
                "capacity_reservation_preference": "open",
                "capacity_reservation_target": []
              }
            ],
            "cpu_core_count": 1,
            "cpu_options": [
              {
                "amd_sev_snp": "",
                "core_count": 1,
                "threads_per_core": 2
              }
            ],
            "cpu_threads_per_core": 2,
            "credit_specification": [
              {
                "cpu_credits": "unlimited"
              }
            ],
            "disable_api_stop": false,
            "disable_api_termination": false,
            "ebs_block_device": [],
            "ebs_optimized": false,
            "enclave_options": [
              {
                "enabled": false
              }
            ],
            "ephemeral_block_device": [],
            "get_password_data": false,
            "hibernation": false,
            "host_id": "",
            "host_resource_group_arn": null,
            "iam_instance_profile": "",
            "id": "i-05f9fc8f000317ffb",
            "instance_initiated_shutdown_behavior": "stop",
            "instance_state": "stopped",
            "instance_type": "t3.micro",
            "ipv6_address_count": 0,
            "ipv6_addresses": [],
            "key_name": "Secondary SSH Key",
            "launch_template": [],
            "maintenance_options": [
              {
                "auto_recovery": "default"
              }
            ],
            "metadata_options": [
              {
                "http_endpoint": "enabled",
                "http_put_response_hop_limit": 2,
                "http_tokens": "required",
                "instance_metadata_tags": "disabled"
              }
            ],
            "monitoring": false,
            "network_interface": [],
            "outpost_arn": "",
            "password_data": "",
            "placement_group": "",
            "placement_partition_number": 0,
            "primary_network_interface_id": "eni-06cb539887251dc0f",
            "private_dns": "ip-10-6-10-88.us-west-2.compute.internal",
            "private_dns_name_options": [
              {
                "enable_resource_name_dns_a_record": false,
                "enable_resource_name_dns_aaaa_record": false,
                "hostname_type": "ip-name"
              }
            ],
            "private_ip": "10.6.10.88",
            "public_dns": "",
            "public_ip": "",
            "root_block_device": [
              {
                "delete_on_termination": true,
                "device_name": "/dev/xvda",
                "encrypted": false,
                "iops": 3000,
                "kms_key_id": "",
                "tags": {},
                "throughput": 125,
                "volume_id": "vol-0447de85a90f5df8c",
                "volume_size": 8,
                "volume_type": "gp3"
              }
            ],
            "secondary_private_ips": [],
            "security_groups": [],
            "source_dest_check": true,
            "subnet_id": "subnet-0eb69781e4d28abe2",
            "tags": {
              "Name": "DbAccess"
            },
            "tags_all": {
              "Name": "DbAccess"
            },
            "tenancy": "default",
            "timeouts": null,
            "user_data": null,
            "user_data_base64": null,
            "user_data_replace_on_change": false,
            "volume_tags": null,
            "vpc_security_group_ids": [
              "sg-0956a385071834c31"
            ]
          },
          "sensitive_attributes": [],
          "private": "eyJlMmJmYjczMC1lY2FhLTExZTYtOGY4OC0zNDM2M2JjN2M0YzAiOnsiY3JlYXRlIjo2MDAwMDAwMDAwMDAsImRlbGV0ZSI6MTIwMDAwMDAwMDAwMCwidXBkYXRlIjo2MDAwMDAwMDAwMDB9LCJzY2hlbWFfdmVyc2lvbiI6IjEifQ==",
          "dependencies": [
            "aws_cloudformation_stack.primary",
            "aws_cloudformation_stack.secondary",
            "aws_key_pair.secondary_ssh_key"
          ]
        }
      ]
    },
    {
      "mode": "managed",
      "type": "aws_key_pair",
      "name": "primary_ssh_key",
      "provider": "provider[\"registry.terraform.io/hashicorp/aws\"].active",
      "instances": [
        {
          "schema_version": 1,
          "attributes": {
            "arn": "arn:aws:ec2:us-east-1:143794216648:key-pair/Primary SSH Key",
            "fingerprint": "1e:60:6f:13:e0:76:f4:e7:78:5c:82:1d:52:8d:19:56",
            "id": "Primary SSH Key",
            "key_name": "Primary SSH Key",
            "key_name_prefix": "",
            "key_pair_id": "key-0bb11b6829b0e4637",
            "key_type": "rsa",
            "public_key": "ssh-rsa AAAAB3NzaC1yc2EAAAADAQABAAACAQCxRjAdK4yGDPEV6ZAKgUgydMxZKeI2Z9XvP9+rLMykxDFRsPYbK/BpNO5E40rM6ujoc17JcivLAoBD+7p+TiFMRUxmSd8EShDWrPfxJ20kNi8LwNmm8zHDTf9PZbaz7Y/S7f2Bs+h/NquXZY+zPVuJMrWNJu1rblEa/pGmSM3Gpy3U+8LY0M8dUSKyU5PpVLcMRHnrXLE+72GnONBbgkFWa/MskjZ76Svl9cizeOBYO8+pLT3kgXPGRjpBOASKBdT0t3TvcQ0IosyU44HfZGlqK1+BhVI0QsDYIM6N/p6uLOtQkv+HzKwHT17yA/snrlojSMczqbfRXpFmyKnzG7HHuDdJ4U++bllsep99Fj4e2F5YF/ZpPGtSatOwXa4Q5d19+6urKUnJNGx/lcpOuUHjDHGqlJZ3X2AeTs7MWIK8QdtMJgzS2sPQKNnr9PmEoTjAZqtfSevG2fqkuHJnFTJouyXL4yOIgQinz9F/xCcTZHRGfkeP40Wv3lAOdXJCvBrLqWr7pcq/p6Sa/egMiX6H723W99lbuxGVzzckowTWZS9IOYi25QDpa6CF5GNUqJL90cE1WnF/spWNhYffuGOK2EG3qQqkkh3gH/fbRZQPZbv8KxL02benISycBD32l5nfRA1/NXchL4KOkv9qK16RYH6qE+enwTNbzl4NR30xxQ== admin@HuyenDao",
            "tags": {},
            "tags_all": {}
          },
          "sensitive_attributes": [],
          "private": "eyJzY2hlbWFfdmVyc2lvbiI6IjEifQ=="
        }
      ]
    },
    {
      "mode": "managed",
      "type": "aws_key_pair",
      "name": "secondary_ssh_key",
      "provider": "provider[\"registry.terraform.io/hashicorp/aws\"].standby",
      "instances": [
        {
          "schema_version": 1,
          "attributes": {
            "arn": "arn:aws:ec2:us-west-2:143794216648:key-pair/Secondary SSH Key",
            "fingerprint": "1e:60:6f:13:e0:76:f4:e7:78:5c:82:1d:52:8d:19:56",
            "id": "Secondary SSH Key",
            "key_name": "Secondary SSH Key",
            "key_name_prefix": "",
            "key_pair_id": "key-0045e48609a4f34db",
            "key_type": "rsa",
            "public_key": "ssh-rsa AAAAB3NzaC1yc2EAAAADAQABAAACAQCxRjAdK4yGDPEV6ZAKgUgydMxZKeI2Z9XvP9+rLMykxDFRsPYbK/BpNO5E40rM6ujoc17JcivLAoBD+7p+TiFMRUxmSd8EShDWrPfxJ20kNi8LwNmm8zHDTf9PZbaz7Y/S7f2Bs+h/NquXZY+zPVuJMrWNJu1rblEa/pGmSM3Gpy3U+8LY0M8dUSKyU5PpVLcMRHnrXLE+72GnONBbgkFWa/MskjZ76Svl9cizeOBYO8+pLT3kgXPGRjpBOASKBdT0t3TvcQ0IosyU44HfZGlqK1+BhVI0QsDYIM6N/p6uLOtQkv+HzKwHT17yA/snrlojSMczqbfRXpFmyKnzG7HHuDdJ4U++bllsep99Fj4e2F5YF/ZpPGtSatOwXa4Q5d19+6urKUnJNGx/lcpOuUHjDHGqlJZ3X2AeTs7MWIK8QdtMJgzS2sPQKNnr9PmEoTjAZqtfSevG2fqkuHJnFTJouyXL4yOIgQinz9F/xCcTZHRGfkeP40Wv3lAOdXJCvBrLqWr7pcq/p6Sa/egMiX6H723W99lbuxGVzzckowTWZS9IOYi25QDpa6CF5GNUqJL90cE1WnF/spWNhYffuGOK2EG3qQqkkh3gH/fbRZQPZbv8KxL02benISycBD32l5nfRA1/NXchL4KOkv9qK16RYH6qE+enwTNbzl4NR30xxQ== admin@HuyenDao",
            "tags": {},
            "tags_all": {}
          },
          "sensitive_attributes": [],
          "private": "eyJzY2hlbWFfdmVyc2lvbiI6IjEifQ=="
        }
      ]
    }
  ],
  "check_results": null
}
