{
  "version": 4,
  "terraform_version": "1.9.1",
  "serial": 73,
  "lineage": "bd87a1d3-67ad-27d9-b6f3-6f5b43bf29d0",
  "outputs": {},
  "resources": [
    {
      "mode": "managed",
      "type": "aws_s3_bucket",
      "name": "website_resiliency",
      "provider": "provider[\"registry.terraform.io/hashicorp/aws\"]",
      "instances": [
        {
          "schema_version": 0,
          "attributes": {
            "acceleration_status": "",
            "acl": null,
            "arn": "arn:aws:s3:::81da30af-3fd5-44e4-b5b6-60110b443ba5-website-resiliency",
            "bucket": "81da30af-3fd5-44e4-b5b6-60110b443ba5-website-resiliency",
            "bucket_domain_name": "81da30af-3fd5-44e4-b5b6-60110b443ba5-website-resiliency.s3.amazonaws.com",
            "bucket_prefix": "",
            "bucket_regional_domain_name": "81da30af-3fd5-44e4-b5b6-60110b443ba5-website-resiliency.s3.amazonaws.com",
            "cors_rule": [],
            "force_destroy": true,
            "grant": [
              {
                "id": "375ac9149cd89da7046fbd3aeb5d9be959fda1d84b3baaf883d03a31cf9373b6",
                "permissions": [
                  "FULL_CONTROL"
                ],
                "type": "CanonicalUser",
                "uri": ""
              }
            ],
            "hosted_zone_id": "Z3AQBSTGFYJSTF",
            "id": "81da30af-3fd5-44e4-b5b6-60110b443ba5-website-resiliency",
            "lifecycle_rule": [],
            "logging": [],
            "object_lock_configuration": [],
            "object_lock_enabled": false,
            "policy": "{\"Id\":\"website_resiliency\",\"Statement\":[{\"Action\":\"s3:GetObject\",\"Effect\":\"Allow\",\"Principal\":\"*\",\"Resource\":[\"arn:aws:s3:::81da30af-3fd5-44e4-b5b6-60110b443ba5-website-resiliency\",\"arn:aws:s3:::81da30af-3fd5-44e4-b5b6-60110b443ba5-website-resiliency/*\"],\"Sid\":\"PublicReadGetObject\"}],\"Version\":\"2012-10-17\"}",
            "region": "us-east-1",
            "replication_configuration": [],
            "request_payer": "BucketOwner",
            "server_side_encryption_configuration": [
              {
                "rule": [
                  {
                    "apply_server_side_encryption_by_default": [
                      {
                        "kms_master_key_id": "",
                        "sse_algorithm": "AES256"
                      }
                    ],
                    "bucket_key_enabled": false
                  }
                ]
              }
            ],
            "tags": {},
            "tags_all": {},
            "timeouts": null,
            "versioning": [
              {
                "enabled": true,
                "mfa_delete": false
              }
            ],
            "website": [
              {
                "error_document": "",
                "index_document": "index.html",
                "redirect_all_requests_to": "",
                "routing_rules": ""
              }
            ],
            "website_domain": "s3-website-us-east-1.amazonaws.com",
            "website_endpoint": "81da30af-3fd5-44e4-b5b6-60110b443ba5-website-resiliency.s3-website-us-east-1.amazonaws.com"
          },
          "sensitive_attributes": [],
          "private": "eyJlMmJmYjczMC1lY2FhLTExZTYtOGY4OC0zNDM2M2JjN2M0YzAiOnsiY3JlYXRlIjoxMjAwMDAwMDAwMDAwLCJkZWxldGUiOjM2MDAwMDAwMDAwMDAsInJlYWQiOjEyMDAwMDAwMDAwMDAsInVwZGF0ZSI6MTIwMDAwMDAwMDAwMH19"
        }
      ]
    },
    {
      "mode": "managed",
      "type": "aws_s3_bucket_policy",
      "name": "website_resiliency",
      "provider": "provider[\"registry.terraform.io/hashicorp/aws\"]",
      "instances": [
        {
          "schema_version": 0,
          "attributes": {
            "bucket": "81da30af-3fd5-44e4-b5b6-60110b443ba5-website-resiliency",
            "id": "81da30af-3fd5-44e4-b5b6-60110b443ba5-website-resiliency",
            "policy": "{\"Id\":\"website_resiliency\",\"Statement\":[{\"Action\":\"s3:GetObject\",\"Effect\":\"Allow\",\"Principal\":\"*\",\"Resource\":[\"arn:aws:s3:::81da30af-3fd5-44e4-b5b6-60110b443ba5-website-resiliency\",\"arn:aws:s3:::81da30af-3fd5-44e4-b5b6-60110b443ba5-website-resiliency/*\"],\"Sid\":\"PublicReadGetObject\"}],\"Version\":\"2012-10-17\"}"
          },
          "sensitive_attributes": [],
          "private": "bnVsbA==",
          "dependencies": [
            "aws_s3_bucket.website_resiliency",
            "time_sleep.wait_30_seconds"
          ]
        }
      ]
    },
    {
      "mode": "managed",
      "type": "aws_s3_bucket_public_access_block",
      "name": "website_resiliency",
      "provider": "provider[\"registry.terraform.io/hashicorp/aws\"]",
      "instances": [
        {
          "schema_version": 0,
          "attributes": {
            "block_public_acls": false,
            "block_public_policy": false,
            "bucket": "81da30af-3fd5-44e4-b5b6-60110b443ba5-website-resiliency",
            "id": "81da30af-3fd5-44e4-b5b6-60110b443ba5-website-resiliency",
            "ignore_public_acls": false,
            "restrict_public_buckets": false
          },
          "sensitive_attributes": [],
          "private": "bnVsbA==",
          "dependencies": [
            "aws_s3_bucket.website_resiliency"
          ]
        }
      ]
    },
    {
      "mode": "managed",
      "type": "aws_s3_bucket_versioning",
      "name": "website_resiliency",
      "provider": "provider[\"registry.terraform.io/hashicorp/aws\"]",
      "instances": [
        {
          "schema_version": 0,
          "attributes": {
            "bucket": "81da30af-3fd5-44e4-b5b6-60110b443ba5-website-resiliency",
            "expected_bucket_owner": "",
            "id": "81da30af-3fd5-44e4-b5b6-60110b443ba5-website-resiliency",
            "mfa": null,
            "versioning_configuration": [
              {
                "mfa_delete": "",
                "status": "Enabled"
              }
            ]
          },
          "sensitive_attributes": [],
          "private": "bnVsbA==",
          "dependencies": [
            "aws_s3_bucket.website_resiliency"
          ]
        }
      ]
    },
    {
      "mode": "managed",
      "type": "aws_s3_bucket_website_configuration",
      "name": "website_resiliency",
      "provider": "provider[\"registry.terraform.io/hashicorp/aws\"]",
      "instances": [
        {
          "schema_version": 0,
          "attributes": {
            "bucket": "81da30af-3fd5-44e4-b5b6-60110b443ba5-website-resiliency",
            "error_document": [],
            "expected_bucket_owner": "",
            "id": "81da30af-3fd5-44e4-b5b6-60110b443ba5-website-resiliency",
            "index_document": [
              {
                "suffix": "index.html"
              }
            ],
            "redirect_all_requests_to": [],
            "routing_rule": [],
            "routing_rules": "",
            "website_domain": "s3-website-us-east-1.amazonaws.com",
            "website_endpoint": "81da30af-3fd5-44e4-b5b6-60110b443ba5-website-resiliency.s3-website-us-east-1.amazonaws.com"
          },
          "sensitive_attributes": [],
          "private": "bnVsbA==",
          "dependencies": [
            "aws_s3_bucket.website_resiliency"
          ]
        }
      ]
    },
    {
      "mode": "managed",
      "type": "aws_s3_object",
      "name": "upload_website",
      "provider": "provider[\"registry.terraform.io/hashicorp/aws\"]",
      "instances": [
        {
          "index_key": "fall.jpg",
          "schema_version": 0,
          "attributes": {
            "acl": "private",
            "bucket": "81da30af-3fd5-44e4-b5b6-60110b443ba5-website-resiliency",
            "bucket_key_enabled": false,
            "cache_control": "",
            "content": null,
            "content_base64": null,
            "content_disposition": "",
            "content_encoding": "",
            "content_language": "",
            "content_type": "image/jpg",
            "etag": "9bc7f09466caba2941ba47989267c7de",
            "force_destroy": false,
            "id": "fall.jpg",
            "key": "fall.jpg",
            "kms_key_id": null,
            "metadata": {},
            "object_lock_legal_hold_status": "",
            "object_lock_mode": "",
            "object_lock_retain_until_date": "",
            "server_side_encryption": "AES256",
            "source": "../../s3/fall.jpg",
            "source_hash": null,
            "storage_class": "STANDARD",
            "tags": {},
            "tags_all": {},
            "version_id": ".rxkX.OrKO.GDVUJueEoFlrtYCUmTvTP",
            "website_redirect": ""
          },
          "sensitive_attributes": [],
          "private": "bnVsbA==",
          "dependencies": [
            "aws_s3_bucket.website_resiliency"
          ]
        },
        {
          "index_key": "index.html",
          "schema_version": 0,
          "attributes": {
            "acl": "private",
            "bucket": "81da30af-3fd5-44e4-b5b6-60110b443ba5-website-resiliency",
            "bucket_key_enabled": false,
            "cache_control": "",
            "content": null,
            "content_base64": null,
            "content_disposition": "",
            "content_encoding": "",
            "content_language": "",
            "content_type": "text/html",
            "etag": "db0259f811312caf952e7a7d15f5fa95",
            "force_destroy": false,
            "id": "index.html",
            "key": "index.html",
            "kms_key_id": null,
            "metadata": {},
            "object_lock_legal_hold_status": "",
            "object_lock_mode": "",
            "object_lock_retain_until_date": "",
            "server_side_encryption": "AES256",
            "source": "../../s3/index.html",
            "source_hash": null,
            "storage_class": "STANDARD",
            "tags": {},
            "tags_all": {},
            "version_id": "W9v_4sk3pCESUNfgrKGg0.DTEaIaR_Oy",
            "website_redirect": ""
          },
          "sensitive_attributes": [],
          "private": "bnVsbA==",
          "dependencies": [
            "aws_s3_bucket.website_resiliency"
          ]
        },
        {
          "index_key": "spring.jpg",
          "schema_version": 0,
          "attributes": {
            "acl": "private",
            "bucket": "81da30af-3fd5-44e4-b5b6-60110b443ba5-website-resiliency",
            "bucket_key_enabled": false,
            "cache_control": "",
            "content": null,
            "content_base64": null,
            "content_disposition": "",
            "content_encoding": "",
            "content_language": "",
            "content_type": "image/jpg",
            "etag": "7270c26cd01e79d1ac5b8b4ae22cf855",
            "force_destroy": false,
            "id": "spring.jpg",
            "key": "spring.jpg",
            "kms_key_id": null,
            "metadata": {},
            "object_lock_legal_hold_status": "",
            "object_lock_mode": "",
            "object_lock_retain_until_date": "",
            "server_side_encryption": "AES256",
            "source": "../../s3/spring.jpg",
            "source_hash": null,
            "storage_class": "STANDARD",
            "tags": {},
            "tags_all": {},
            "version_id": "pQUDaEs8XH0TK3Vo8lgvEppe4u4zYcJX",
            "website_redirect": ""
          },
          "sensitive_attributes": [],
          "private": "bnVsbA==",
          "dependencies": [
            "aws_s3_bucket.website_resiliency"
          ]
        },
        {
          "index_key": "summer.jpg",
          "schema_version": 0,
          "attributes": {
            "acl": "private",
            "bucket": "81da30af-3fd5-44e4-b5b6-60110b443ba5-website-resiliency",
            "bucket_key_enabled": false,
            "cache_control": "",
            "content": null,
            "content_base64": null,
            "content_disposition": "",
            "content_encoding": "",
            "content_language": "",
            "content_type": "image/jpg",
            "etag": "96157b08b18881565523ef19ad4f09d0",
            "force_destroy": false,
            "id": "summer.jpg",
            "key": "summer.jpg",
            "kms_key_id": null,
            "metadata": {},
            "object_lock_legal_hold_status": "",
            "object_lock_mode": "",
            "object_lock_retain_until_date": "",
            "server_side_encryption": "AES256",
            "source": "../../s3/summer.jpg",
            "source_hash": null,
            "storage_class": "STANDARD",
            "tags": {},
            "tags_all": {},
            "version_id": "Zf8NtiFbFWJ.t.IhiD6U_CilvzOxLu9K",
            "website_redirect": ""
          },
          "sensitive_attributes": [],
          "private": "bnVsbA==",
          "dependencies": [
            "aws_s3_bucket.website_resiliency"
          ]
        },
        {
          "index_key": "winter.jpg",
          "schema_version": 0,
          "attributes": {
            "acl": "private",
            "bucket": "81da30af-3fd5-44e4-b5b6-60110b443ba5-website-resiliency",
            "bucket_key_enabled": false,
            "cache_control": "",
            "content": null,
            "content_base64": null,
            "content_disposition": "",
            "content_encoding": "",
            "content_language": "",
            "content_type": "image/jpg",
            "etag": "cd3d419a6144b99a4ad59b5dca24d0c0",
            "force_destroy": false,
            "id": "winter.jpg",
            "key": "winter.jpg",
            "kms_key_id": null,
            "metadata": {},
            "object_lock_legal_hold_status": "",
            "object_lock_mode": "",
            "object_lock_retain_until_date": "",
            "server_side_encryption": "AES256",
            "source": "../../s3/winter.jpg",
            "source_hash": null,
            "storage_class": "STANDARD",
            "tags": {},
            "tags_all": {},
            "version_id": "OHNWGEYUqC5A5lLKNXsoOntL6QUxRAcl",
            "website_redirect": ""
          },
          "sensitive_attributes": [],
          "private": "bnVsbA==",
          "dependencies": [
            "aws_s3_bucket.website_resiliency"
          ]
        }
      ]
    },
    {
      "mode": "managed",
      "type": "time_sleep",
      "name": "wait_30_seconds",
      "provider": "provider[\"registry.terraform.io/hashicorp/time\"]",
      "instances": [
        {
          "schema_version": 0,
          "attributes": {
            "create_duration": null,
            "destroy_duration": "30s",
            "id": "2024-07-07T10:18:23Z",
            "triggers": null
          },
          "sensitive_attributes": [],
          "dependencies": [
            "aws_s3_bucket.website_resiliency"
          ]
        }
      ]
    }
  ],
  "check_results": null
}
